// !$*UTF8*$!
{
	archiveVersion = 1;
	classes = {
	};
	objectVersion = 56;
	objects = {

/* Begin PBXBuildFile section */
		CB357A532C6D23480082EF35 /* SelectButton.swift in Sources */ = {isa = PBXBuildFile; fileRef = CB357A522C6D23480082EF35 /* SelectButton.swift */; };
		CB3BAB132C6167900062BA9E /* MaintenanceServiceSwiftUIApp.swift in Sources */ = {isa = PBXBuildFile; fileRef = CB3BAB122C6167900062BA9E /* MaintenanceServiceSwiftUIApp.swift */; };
		CB3BAB172C6167920062BA9E /* Assets.xcassets in Resources */ = {isa = PBXBuildFile; fileRef = CB3BAB162C6167920062BA9E /* Assets.xcassets */; };
		CB3BAB1A2C6167920062BA9E /* Preview Assets.xcassets in Resources */ = {isa = PBXBuildFile; fileRef = CB3BAB192C6167920062BA9E /* Preview Assets.xcassets */; };
		CB3BAB232C61680D0062BA9E /* Roboto-Bold.ttf in Resources */ = {isa = PBXBuildFile; fileRef = CB3BAB212C61680D0062BA9E /* Roboto-Bold.ttf */; };
		CB3BAB242C61680D0062BA9E /* Roboto-Regular.ttf in Resources */ = {isa = PBXBuildFile; fileRef = CB3BAB222C61680D0062BA9E /* Roboto-Regular.ttf */; };
		CB3BAB2C2C61698E0062BA9E /* UIExtension.swift in Sources */ = {isa = PBXBuildFile; fileRef = CB3BAB2B2C61698E0062BA9E /* UIExtension.swift */; };
		CB501F2E2C63C8820001AAF5 /* CountryPicker in Frameworks */ = {isa = PBXBuildFile; productRef = CB501F2D2C63C8820001AAF5 /* CountryPicker */; };
		CB501F302C63C8980001AAF5 /* SignInWithMobileScreen.swift in Sources */ = {isa = PBXBuildFile; fileRef = CB501F2F2C63C8980001AAF5 /* SignInWithMobileScreen.swift */; };
		CB501F322C63CAF70001AAF5 /* CountryPickerUI.swift in Sources */ = {isa = PBXBuildFile; fileRef = CB501F312C63CAF70001AAF5 /* CountryPickerUI.swift */; };
		CB6A21612C6677BF009612CE /* SignUpScreen.swift in Sources */ = {isa = PBXBuildFile; fileRef = CB6A21602C6677BF009612CE /* SignUpScreen.swift */; };
		CB6A21632C667B20009612CE /* CellNumberVerifyScreen.swift in Sources */ = {isa = PBXBuildFile; fileRef = CB6A21622C667B20009612CE /* CellNumberVerifyScreen.swift */; };
		CB9671282C62932E0029BD81 /* Launch Screen.storyboard in Resources */ = {isa = PBXBuildFile; fileRef = CB9671272C62932E0029BD81 /* Launch Screen.storyboard */; };
		CB96712B2C6293830029BD81 /* SignInWithEmailScreen.swift in Sources */ = {isa = PBXBuildFile; fileRef = CB96712A2C6293830029BD81 /* SignInWithEmailScreen.swift */; };
		CB9AC5682C6BC0AC00F57C00 /* HomeScreen.swift in Sources */ = {isa = PBXBuildFile; fileRef = CB9AC5672C6BC0AC00F57C00 /* HomeScreen.swift */; };
		CBA789642C6535B300FE72EC /* OTPTextField.swift in Sources */ = {isa = PBXBuildFile; fileRef = CBA789632C6535B300FE72EC /* OTPTextField.swift */; };
		CBA789662C65376300FE72EC /* BackgroundCleanerView.swift in Sources */ = {isa = PBXBuildFile; fileRef = CBA789652C65376300FE72EC /* BackgroundCleanerView.swift */; };
		CBA789682C6537C900FE72EC /* LoginOTPScreen.swift in Sources */ = {isa = PBXBuildFile; fileRef = CBA789672C6537C900FE72EC /* LoginOTPScreen.swift */; };
		CBE650192C71025300899115 /* ChooseYourServiceAreaScreen.swift in Sources */ = {isa = PBXBuildFile; fileRef = CBE650182C71025300899115 /* ChooseYourServiceAreaScreen.swift */; };
		CBE6501B2C71047E00899115 /* SelectIconButton.swift in Sources */ = {isa = PBXBuildFile; fileRef = CBE6501A2C71047E00899115 /* SelectIconButton.swift */; };
/* End PBXBuildFile section */

/* Begin PBXFileReference section */
		CB357A522C6D23480082EF35 /* SelectButton.swift */ = {isa = PBXFileReference; lastKnownFileType = sourcecode.swift; path = SelectButton.swift; sourceTree = "<group>"; };
		CB3BAB0F2C6167900062BA9E /* MaintenanceServiceSwiftUI.app */ = {isa = PBXFileReference; explicitFileType = wrapper.application; includeInIndex = 0; path = MaintenanceServiceSwiftUI.app; sourceTree = BUILT_PRODUCTS_DIR; };
		CB3BAB122C6167900062BA9E /* MaintenanceServiceSwiftUIApp.swift */ = {isa = PBXFileReference; lastKnownFileType = sourcecode.swift; path = MaintenanceServiceSwiftUIApp.swift; sourceTree = "<group>"; };
		CB3BAB162C6167920062BA9E /* Assets.xcassets */ = {isa = PBXFileReference; lastKnownFileType = folder.assetcatalog; path = Assets.xcassets; sourceTree = "<group>"; };
		CB3BAB192C6167920062BA9E /* Preview Assets.xcassets */ = {isa = PBXFileReference; lastKnownFileType = folder.assetcatalog; path = "Preview Assets.xcassets"; sourceTree = "<group>"; };
		CB3BAB212C61680D0062BA9E /* Roboto-Bold.ttf */ = {isa = PBXFileReference; lastKnownFileType = file; path = "Roboto-Bold.ttf"; sourceTree = "<group>"; };
		CB3BAB222C61680D0062BA9E /* Roboto-Regular.ttf */ = {isa = PBXFileReference; lastKnownFileType = file; path = "Roboto-Regular.ttf"; sourceTree = "<group>"; };
		CB3BAB252C61681E0062BA9E /* Info.plist */ = {isa = PBXFileReference; lastKnownFileType = text.plist; path = Info.plist; sourceTree = "<group>"; };
		CB3BAB2B2C61698E0062BA9E /* UIExtension.swift */ = {isa = PBXFileReference; lastKnownFileType = sourcecode.swift; path = UIExtension.swift; sourceTree = "<group>"; };
		CB501F2F2C63C8980001AAF5 /* SignInWithMobileScreen.swift */ = {isa = PBXFileReference; lastKnownFileType = sourcecode.swift; path = SignInWithMobileScreen.swift; sourceTree = "<group>"; };
		CB501F312C63CAF70001AAF5 /* CountryPickerUI.swift */ = {isa = PBXFileReference; lastKnownFileType = sourcecode.swift; path = CountryPickerUI.swift; sourceTree = "<group>"; };
		CB6A21602C6677BF009612CE /* SignUpScreen.swift */ = {isa = PBXFileReference; lastKnownFileType = sourcecode.swift; path = SignUpScreen.swift; sourceTree = "<group>"; };
		CB6A21622C667B20009612CE /* CellNumberVerifyScreen.swift */ = {isa = PBXFileReference; lastKnownFileType = sourcecode.swift; path = CellNumberVerifyScreen.swift; sourceTree = "<group>"; };
		CB9671272C62932E0029BD81 /* Launch Screen.storyboard */ = {isa = PBXFileReference; lastKnownFileType = file.storyboard; path = "Launch Screen.storyboard"; sourceTree = "<group>"; };
		CB96712A2C6293830029BD81 /* SignInWithEmailScreen.swift */ = {isa = PBXFileReference; lastKnownFileType = sourcecode.swift; path = SignInWithEmailScreen.swift; sourceTree = "<group>"; };
		CB9AC5672C6BC0AC00F57C00 /* HomeScreen.swift */ = {isa = PBXFileReference; lastKnownFileType = sourcecode.swift; path = HomeScreen.swift; sourceTree = "<group>"; };
		CBA789632C6535B300FE72EC /* OTPTextField.swift */ = {isa = PBXFileReference; lastKnownFileType = sourcecode.swift; path = OTPTextField.swift; sourceTree = "<group>"; };
		CBA789652C65376300FE72EC /* BackgroundCleanerView.swift */ = {isa = PBXFileReference; lastKnownFileType = sourcecode.swift; path = BackgroundCleanerView.swift; sourceTree = "<group>"; };
		CBA789672C6537C900FE72EC /* LoginOTPScreen.swift */ = {isa = PBXFileReference; lastKnownFileType = sourcecode.swift; path = LoginOTPScreen.swift; sourceTree = "<group>"; };
		CBE650182C71025300899115 /* ChooseYourServiceAreaScreen.swift */ = {isa = PBXFileReference; lastKnownFileType = sourcecode.swift; path = ChooseYourServiceAreaScreen.swift; sourceTree = "<group>"; };
		CBE6501A2C71047E00899115 /* SelectIconButton.swift */ = {isa = PBXFileReference; lastKnownFileType = sourcecode.swift; path = SelectIconButton.swift; sourceTree = "<group>"; };
/* End PBXFileReference section */

/* Begin PBXFrameworksBuildPhase section */
		CB3BAB0C2C6167900062BA9E /* Frameworks */ = {
			isa = PBXFrameworksBuildPhase;
			buildActionMask = 2147483647;
			files = (
				CB501F2E2C63C8820001AAF5 /* CountryPicker in Frameworks */,
			);
			runOnlyForDeploymentPostprocessing = 0;
		};
/* End PBXFrameworksBuildPhase section */

/* Begin PBXGroup section */
		CB3BAB062C6167900062BA9E = {
			isa = PBXGroup;
			children = (
				CB3BAB112C6167900062BA9E /* MaintenanceServiceSwiftUI */,
				CB3BAB102C6167900062BA9E /* Products */,
			);
			sourceTree = "<group>";
		};
		CB3BAB102C6167900062BA9E /* Products */ = {
			isa = PBXGroup;
			children = (
				CB3BAB0F2C6167900062BA9E /* MaintenanceServiceSwiftUI.app */,
			);
			name = Products;
			sourceTree = "<group>";
		};
		CB3BAB112C6167900062BA9E /* MaintenanceServiceSwiftUI */ = {
			isa = PBXGroup;
			children = (
				CB3BAB2A2C6169730062BA9E /* Model */,
				CB3BAB292C61696B0062BA9E /* UICommon */,
				CB3BAB282C6169610062BA9E /* ViewModel */,
				CB3BAB272C6169590062BA9E /* View */,
				CB3BAB262C6169480062BA9E /* Common */,
				CB3BAB252C61681E0062BA9E /* Info.plist */,
				CB3BAB202C6167F00062BA9E /* Fonts */,
				CB3BAB122C6167900062BA9E /* MaintenanceServiceSwiftUIApp.swift */,
				CB3BAB162C6167920062BA9E /* Assets.xcassets */,
				CB3BAB182C6167920062BA9E /* Preview Content */,
				CB9671272C62932E0029BD81 /* Launch Screen.storyboard */,
			);
			path = MaintenanceServiceSwiftUI;
			sourceTree = "<group>";
		};
		CB3BAB182C6167920062BA9E /* Preview Content */ = {
			isa = PBXGroup;
			children = (
				CB3BAB192C6167920062BA9E /* Preview Assets.xcassets */,
			);
			path = "Preview Content";
			sourceTree = "<group>";
		};
		CB3BAB202C6167F00062BA9E /* Fonts */ = {
			isa = PBXGroup;
			children = (
				CB3BAB212C61680D0062BA9E /* Roboto-Bold.ttf */,
				CB3BAB222C61680D0062BA9E /* Roboto-Regular.ttf */,
			);
			path = Fonts;
			sourceTree = "<group>";
		};
		CB3BAB262C6169480062BA9E /* Common */ = {
			isa = PBXGroup;
			children = (
			);
			path = Common;
			sourceTree = "<group>";
		};
		CB3BAB272C6169590062BA9E /* View */ = {
			isa = PBXGroup;
			children = (
				CB9AC5642C6BBC4800F57C00 /* Home */,
				CB9671292C62936F0029BD81 /* Login */,
			);
			path = View;
			sourceTree = "<group>";
		};
		CB3BAB282C6169610062BA9E /* ViewModel */ = {
			isa = PBXGroup;
			children = (
			);
			path = ViewModel;
			sourceTree = "<group>";
		};
		CB3BAB292C61696B0062BA9E /* UICommon */ = {
			isa = PBXGroup;
			children = (
				CB3BAB2B2C61698E0062BA9E /* UIExtension.swift */,
				CB501F312C63CAF70001AAF5 /* CountryPickerUI.swift */,
				CBA789632C6535B300FE72EC /* OTPTextField.swift */,
				CBA789652C65376300FE72EC /* BackgroundCleanerView.swift */,
				CB357A522C6D23480082EF35 /* SelectButton.swift */,
				CBE6501A2C71047E00899115 /* SelectIconButton.swift */,
			);
			path = UICommon;
			sourceTree = "<group>";
		};
		CB3BAB2A2C6169730062BA9E /* Model */ = {
			isa = PBXGroup;
			children = (
			);
			path = Model;
			sourceTree = "<group>";
		};
		CB9671292C62936F0029BD81 /* Login */ = {
			isa = PBXGroup;
			children = (
				CB96712A2C6293830029BD81 /* SignInWithEmailScreen.swift */,
				CB501F2F2C63C8980001AAF5 /* SignInWithMobileScreen.swift */,
				CBA789672C6537C900FE72EC /* LoginOTPScreen.swift */,
				CB6A21602C6677BF009612CE /* SignUpScreen.swift */,
				CB6A21622C667B20009612CE /* CellNumberVerifyScreen.swift */,
			);
			path = Login;
			sourceTree = "<group>";
		};
		CB9AC5642C6BBC4800F57C00 /* Home */ = {
			isa = PBXGroup;
			children = (
				CB9AC5672C6BC0AC00F57C00 /* HomeScreen.swift */,
				CBE650182C71025300899115 /* ChooseYourServiceAreaScreen.swift */,
			);
			path = Home;
			sourceTree = "<group>";
		};
/* End PBXGroup section */

/* Begin PBXNativeTarget section */
		CB3BAB0E2C6167900062BA9E /* MaintenanceServiceSwiftUI */ = {
			isa = PBXNativeTarget;
			buildConfigurationList = CB3BAB1D2C6167920062BA9E /* Build configuration list for PBXNativeTarget "MaintenanceServiceSwiftUI" */;
			buildPhases = (
				CB3BAB0B2C6167900062BA9E /* Sources */,
				CB3BAB0C2C6167900062BA9E /* Frameworks */,
				CB3BAB0D2C6167900062BA9E /* Resources */,
			);
			buildRules = (
			);
			dependencies = (
			);
			name = MaintenanceServiceSwiftUI;
			packageProductDependencies = (
				CB501F2D2C63C8820001AAF5 /* CountryPicker */,
			);
			productName = MaintenanceServiceSwiftUI;
			productReference = CB3BAB0F2C6167900062BA9E /* MaintenanceServiceSwiftUI.app */;
			productType = "com.apple.product-type.application";
		};
/* End PBXNativeTarget section */

/* Begin PBXProject section */
		CB3BAB072C6167900062BA9E /* Project object */ = {
			isa = PBXProject;
			attributes = {
				BuildIndependentTargetsInParallel = 1;
				LastSwiftUpdateCheck = 1540;
				LastUpgradeCheck = 1540;
				TargetAttributes = {
					CB3BAB0E2C6167900062BA9E = {
						CreatedOnToolsVersion = 15.4;
					};
				};
			};
			buildConfigurationList = CB3BAB0A2C6167900062BA9E /* Build configuration list for PBXProject "MaintenanceServiceSwiftUI" */;
			compatibilityVersion = "Xcode 14.0";
			developmentRegion = en;
			hasScannedForEncodings = 0;
			knownRegions = (
				en,
				Base,
			);
			mainGroup = CB3BAB062C6167900062BA9E;
			packageReferences = (
				CB501F2C2C63C8810001AAF5 /* XCRemoteSwiftPackageReference "CountryPicker" */,
			);
			productRefGroup = CB3BAB102C6167900062BA9E /* Products */;
			projectDirPath = "";
			projectRoot = "";
			targets = (
				CB3BAB0E2C6167900062BA9E /* MaintenanceServiceSwiftUI */,
			);
		};
/* End PBXProject section */

/* Begin PBXResourcesBuildPhase section */
		CB3BAB0D2C6167900062BA9E /* Resources */ = {
			isa = PBXResourcesBuildPhase;
			buildActionMask = 2147483647;
			files = (
				CB3BAB1A2C6167920062BA9E /* Preview Assets.xcassets in Resources */,
				CB3BAB172C6167920062BA9E /* Assets.xcassets in Resources */,
				CB3BAB242C61680D0062BA9E /* Roboto-Regular.ttf in Resources */,
				CB9671282C62932E0029BD81 /* Launch Screen.storyboard in Resources */,
				CB3BAB232C61680D0062BA9E /* Roboto-Bold.ttf in Resources */,
			);
			runOnlyForDeploymentPostprocessing = 0;
		};
/* End PBXResourcesBuildPhase section */

/* Begin PBXSourcesBuildPhase section */
		CB3BAB0B2C6167900062BA9E /* Sources */ = {
			isa = PBXSourcesBuildPhase;
			buildActionMask = 2147483647;
			files = (
				CB3BAB2C2C61698E0062BA9E /* UIExtension.swift in Sources */,
				CB96712B2C6293830029BD81 /* SignInWithEmailScreen.swift in Sources */,
				CBE6501B2C71047E00899115 /* SelectIconButton.swift in Sources */,
				CB6A21612C6677BF009612CE /* SignUpScreen.swift in Sources */,
				CB501F322C63CAF70001AAF5 /* CountryPickerUI.swift in Sources */,
				CBE650192C71025300899115 /* ChooseYourServiceAreaScreen.swift in Sources */,
				CB9AC5682C6BC0AC00F57C00 /* HomeScreen.swift in Sources */,
				CBA789682C6537C900FE72EC /* LoginOTPScreen.swift in Sources */,
				CB6A21632C667B20009612CE /* CellNumberVerifyScreen.swift in Sources */,
				CB3BAB132C6167900062BA9E /* MaintenanceServiceSwiftUIApp.swift in Sources */,
				CB501F302C63C8980001AAF5 /* SignInWithMobileScreen.swift in Sources */,
				CB357A532C6D23480082EF35 /* SelectButton.swift in Sources */,
				CBA789662C65376300FE72EC /* BackgroundCleanerView.swift in Sources */,
				CBA789642C6535B300FE72EC /* OTPTextField.swift in Sources */,
			);
			runOnlyForDeploymentPostprocessing = 0;
		};
/* End PBXSourcesBuildPhase section */

/* Begin XCBuildConfiguration section */
		CB3BAB1B2C6167920062BA9E /* Debug */ = {
			isa = XCBuildConfiguration;
			buildSettings = {
				ALWAYS_SEARCH_USER_PATHS = NO;
				ASSETCATALOG_COMPILER_GENERATE_SWIFT_ASSET_SYMBOL_EXTENSIONS = YES;
				CLANG_ANALYZER_NONNULL = YES;
				CLANG_ANALYZER_NUMBER_OBJECT_CONVERSION = YES_AGGRESSIVE;
				CLANG_CXX_LANGUAGE_STANDARD = "gnu++20";
				CLANG_ENABLE_MODULES = YES;
				CLANG_ENABLE_OBJC_ARC = YES;
				CLANG_ENABLE_OBJC_WEAK = YES;
				CLANG_WARN_BLOCK_CAPTURE_AUTORELEASING = YES;
				CLANG_WARN_BOOL_CONVERSION = YES;
				CLANG_WARN_COMMA = YES;
				CLANG_WARN_CONSTANT_CONVERSION = YES;
				CLANG_WARN_DEPRECATED_OBJC_IMPLEMENTATIONS = YES;
				CLANG_WARN_DIRECT_OBJC_ISA_USAGE = YES_ERROR;
				CLANG_WARN_DOCUMENTATION_COMMENTS = YES;
				CLANG_WARN_EMPTY_BODY = YES;
				CLANG_WARN_ENUM_CONVERSION = YES;
				CLANG_WARN_INFINITE_RECURSION = YES;
				CLANG_WARN_INT_CONVERSION = YES;
				CLANG_WARN_NON_LITERAL_NULL_CONVERSION = YES;
				CLANG_WARN_OBJC_IMPLICIT_RETAIN_SELF = YES;
				CLANG_WARN_OBJC_LITERAL_CONVERSION = YES;
				CLANG_WARN_OBJC_ROOT_CLASS = YES_ERROR;
				CLANG_WARN_QUOTED_INCLUDE_IN_FRAMEWORK_HEADER = YES;
				CLANG_WARN_RANGE_LOOP_ANALYSIS = YES;
				CLANG_WARN_STRICT_PROTOTYPES = YES;
				CLANG_WARN_SUSPICIOUS_MOVE = YES;
				CLANG_WARN_UNGUARDED_AVAILABILITY = YES_AGGRESSIVE;
				CLANG_WARN_UNREACHABLE_CODE = YES;
				CLANG_WARN__DUPLICATE_METHOD_MATCH = YES;
				COPY_PHASE_STRIP = NO;
				DEBUG_INFORMATION_FORMAT = dwarf;
				ENABLE_STRICT_OBJC_MSGSEND = YES;
				ENABLE_TESTABILITY = YES;
				ENABLE_USER_SCRIPT_SANDBOXING = YES;
				GCC_C_LANGUAGE_STANDARD = gnu17;
				GCC_DYNAMIC_NO_PIC = NO;
				GCC_NO_COMMON_BLOCKS = YES;
				GCC_OPTIMIZATION_LEVEL = 0;
				GCC_PREPROCESSOR_DEFINITIONS = (
					"DEBUG=1",
					"$(inherited)",
				);
				GCC_WARN_64_TO_32_BIT_CONVERSION = YES;
				GCC_WARN_ABOUT_RETURN_TYPE = YES_ERROR;
				GCC_WARN_UNDECLARED_SELECTOR = YES;
				GCC_WARN_UNINITIALIZED_AUTOS = YES_AGGRESSIVE;
				GCC_WARN_UNUSED_FUNCTION = YES;
				GCC_WARN_UNUSED_VARIABLE = YES;
				IPHONEOS_DEPLOYMENT_TARGET = 17.5;
				LOCALIZATION_PREFERS_STRING_CATALOGS = YES;
				MTL_ENABLE_DEBUG_INFO = INCLUDE_SOURCE;
				MTL_FAST_MATH = YES;
				ONLY_ACTIVE_ARCH = YES;
				SDKROOT = iphoneos;
				SWIFT_ACTIVE_COMPILATION_CONDITIONS = "DEBUG $(inherited)";
				SWIFT_OPTIMIZATION_LEVEL = "-Onone";
			};
			name = Debug;
		};
		CB3BAB1C2C6167920062BA9E /* Release */ = {
			isa = XCBuildConfiguration;
			buildSettings = {
				ALWAYS_SEARCH_USER_PATHS = NO;
				ASSETCATALOG_COMPILER_GENERATE_SWIFT_ASSET_SYMBOL_EXTENSIONS = YES;
				CLANG_ANALYZER_NONNULL = YES;
				CLANG_ANALYZER_NUMBER_OBJECT_CONVERSION = YES_AGGRESSIVE;
				CLANG_CXX_LANGUAGE_STANDARD = "gnu++20";
				CLANG_ENABLE_MODULES = YES;
				CLANG_ENABLE_OBJC_ARC = YES;
				CLANG_ENABLE_OBJC_WEAK = YES;
				CLANG_WARN_BLOCK_CAPTURE_AUTORELEASING = YES;
				CLANG_WARN_BOOL_CONVERSION = YES;
				CLANG_WARN_COMMA = YES;
				CLANG_WARN_CONSTANT_CONVERSION = YES;
				CLANG_WARN_DEPRECATED_OBJC_IMPLEMENTATIONS = YES;
				CLANG_WARN_DIRECT_OBJC_ISA_USAGE = YES_ERROR;
				CLANG_WARN_DOCUMENTATION_COMMENTS = YES;
				CLANG_WARN_EMPTY_BODY = YES;
				CLANG_WARN_ENUM_CONVERSION = YES;
				CLANG_WARN_INFINITE_RECURSION = YES;
				CLANG_WARN_INT_CONVERSION = YES;
				CLANG_WARN_NON_LITERAL_NULL_CONVERSION = YES;
				CLANG_WARN_OBJC_IMPLICIT_RETAIN_SELF = YES;
				CLANG_WARN_OBJC_LITERAL_CONVERSION = YES;
				CLANG_WARN_OBJC_ROOT_CLASS = YES_ERROR;
				CLANG_WARN_QUOTED_INCLUDE_IN_FRAMEWORK_HEADER = YES;
				CLANG_WARN_RANGE_LOOP_ANALYSIS = YES;
				CLANG_WARN_STRICT_PROTOTYPES = YES;
				CLANG_WARN_SUSPICIOUS_MOVE = YES;
				CLANG_WARN_UNGUARDED_AVAILABILITY = YES_AGGRESSIVE;
				CLANG_WARN_UNREACHABLE_CODE = YES;
				CLANG_WARN__DUPLICATE_METHOD_MATCH = YES;
				COPY_PHASE_STRIP = NO;
				DEBUG_INFORMATION_FORMAT = "dwarf-with-dsym";
				ENABLE_NS_ASSERTIONS = NO;
				ENABLE_STRICT_OBJC_MSGSEND = YES;
				ENABLE_USER_SCRIPT_SANDBOXING = YES;
				GCC_C_LANGUAGE_STANDARD = gnu17;
				GCC_NO_COMMON_BLOCKS = YES;
				GCC_WARN_64_TO_32_BIT_CONVERSION = YES;
				GCC_WARN_ABOUT_RETURN_TYPE = YES_ERROR;
				GCC_WARN_UNDECLARED_SELECTOR = YES;
				GCC_WARN_UNINITIALIZED_AUTOS = YES_AGGRESSIVE;
				GCC_WARN_UNUSED_FUNCTION = YES;
				GCC_WARN_UNUSED_VARIABLE = YES;
				IPHONEOS_DEPLOYMENT_TARGET = 17.5;
				LOCALIZATION_PREFERS_STRING_CATALOGS = YES;
				MTL_ENABLE_DEBUG_INFO = NO;
				MTL_FAST_MATH = YES;
				SDKROOT = iphoneos;
				SWIFT_COMPILATION_MODE = wholemodule;
				VALIDATE_PRODUCT = YES;
			};
			name = Release;
		};
		CB3BAB1E2C6167920062BA9E /* Debug */ = {
			isa = XCBuildConfiguration;
			buildSettings = {
				ASSETCATALOG_COMPILER_APPICON_NAME = AppIcon;
				ASSETCATALOG_COMPILER_GLOBAL_ACCENT_COLOR_NAME = AccentColor;
				CODE_SIGN_STYLE = Automatic;
				CURRENT_PROJECT_VERSION = 1;
				DEVELOPMENT_ASSET_PATHS = "\"MaintenanceServiceSwiftUI/Preview Content\"";
				ENABLE_PREVIEWS = YES;
				GENERATE_INFOPLIST_FILE = YES;
				INFOPLIST_FILE = MaintenanceServiceSwiftUI/Info.plist;
				INFOPLIST_KEY_UIApplicationSceneManifest_Generation = YES;
				INFOPLIST_KEY_UIApplicationSupportsIndirectInputEvents = YES;
				INFOPLIST_KEY_UILaunchScreen_Generation = YES;
				INFOPLIST_KEY_UILaunchStoryboardName = "Launch Screen.storyboard";
				INFOPLIST_KEY_UISupportedInterfaceOrientations_iPad = "UIInterfaceOrientationPortrait UIInterfaceOrientationPortraitUpsideDown UIInterfaceOrientationLandscapeLeft UIInterfaceOrientationLandscapeRight";
				INFOPLIST_KEY_UISupportedInterfaceOrientations_iPhone = "UIInterfaceOrientationPortrait UIInterfaceOrientationLandscapeLeft UIInterfaceOrientationLandscapeRight";
				IPHONEOS_DEPLOYMENT_TARGET = 15.0;
				LD_RUNPATH_SEARCH_PATHS = (
					"$(inherited)",
					"@executable_path/Frameworks",
				);
				MARKETING_VERSION = 1.0;
				PRODUCT_BUNDLE_IDENTIFIER = com.demo.MaintenanceServiceSwiftUI;
				PRODUCT_NAME = "$(TARGET_NAME)";
				SWIFT_EMIT_LOC_STRINGS = YES;
				SWIFT_VERSION = 5.0;
				TARGETED_DEVICE_FAMILY = "1,2";
			};
			name = Debug;
		};
		CB3BAB1F2C6167920062BA9E /* Release */ = {
			isa = XCBuildConfiguration;
			buildSettings = {
				ASSETCATALOG_COMPILER_APPICON_NAME = AppIcon;
				ASSETCATALOG_COMPILER_GLOBAL_ACCENT_COLOR_NAME = AccentColor;
				CODE_SIGN_STYLE = Automatic;
				CURRENT_PROJECT_VERSION = 1;
				DEVELOPMENT_ASSET_PATHS = "\"MaintenanceServiceSwiftUI/Preview Content\"";
				ENABLE_PREVIEWS = YES;
				GENERATE_INFOPLIST_FILE = YES;
				INFOPLIST_FILE = MaintenanceServiceSwiftUI/Info.plist;
				INFOPLIST_KEY_UIApplicationSceneManifest_Generation = YES;
				INFOPLIST_KEY_UIApplicationSupportsIndirectInputEvents = YES;
				INFOPLIST_KEY_UILaunchScreen_Generation = YES;
				INFOPLIST_KEY_UILaunchStoryboardName = "Launch Screen.storyboard";
				INFOPLIST_KEY_UISupportedInterfaceOrientations_iPad = "UIInterfaceOrientationPortrait UIInterfaceOrientationPortraitUpsideDown UIInterfaceOrientationLandscapeLeft UIInterfaceOrientationLandscapeRight";
				INFOPLIST_KEY_UISupportedInterfaceOrientations_iPhone = "UIInterfaceOrientationPortrait UIInterfaceOrientationLandscapeLeft UIInterfaceOrientationLandscapeRight";
				IPHONEOS_DEPLOYMENT_TARGET = 15.0;
				LD_RUNPATH_SEARCH_PATHS = (
					"$(inherited)",
					"@executable_path/Frameworks",
				);
				MARKETING_VERSION = 1.0;
				PRODUCT_BUNDLE_IDENTIFIER = com.demo.MaintenanceServiceSwiftUI;
				PRODUCT_NAME = "$(TARGET_NAME)";
				SWIFT_EMIT_LOC_STRINGS = YES;
				SWIFT_VERSION = 5.0;
				TARGETED_DEVICE_FAMILY = "1,2";
			};
			name = Release;
		};
/* End XCBuildConfiguration section */

/* Begin XCConfigurationList section */
		CB3BAB0A2C6167900062BA9E /* Build configuration list for PBXProject "MaintenanceServiceSwiftUI" */ = {
			isa = XCConfigurationList;
			buildConfigurations = (
				CB3BAB1B2C6167920062BA9E /* Debug */,
				CB3BAB1C2C6167920062BA9E /* Release */,
			);
			defaultConfigurationIsVisible = 0;
			defaultConfigurationName = Release;
		};
		CB3BAB1D2C6167920062BA9E /* Build configuration list for PBXNativeTarget "MaintenanceServiceSwiftUI" */ = {
			isa = XCConfigurationList;
			buildConfigurations = (
				CB3BAB1E2C6167920062BA9E /* Debug */,
				CB3BAB1F2C6167920062BA9E /* Release */,
			);
			defaultConfigurationIsVisible = 0;
			defaultConfigurationName = Release;
		};
/* End XCConfigurationList section */

/* Begin XCRemoteSwiftPackageReference section */
		CB501F2C2C63C8810001AAF5 /* XCRemoteSwiftPackageReference "CountryPicker" */ = {
			isa = XCRemoteSwiftPackageReference;
			repositoryURL = "https://github.com/mobven/CountryPicker.git";
			requirement = {
				kind = upToNextMajorVersion;
				minimumVersion = 2.0.3;
			};
		};
/* End XCRemoteSwiftPackageReference section */

/* Begin XCSwiftPackageProductDependency section */
		CB501F2D2C63C8820001AAF5 /* CountryPicker */ = {
			isa = XCSwiftPackageProductDependency;
			package = CB501F2C2C63C8810001AAF5 /* XCRemoteSwiftPackageReference "CountryPicker" */;
			productName = CountryPicker;
		};
/* End XCSwiftPackageProductDependency section */
	};
	rootObject = CB3BAB072C6167900062BA9E /* Project object */;
}
